
Microsoft Visual Studio Solution File, Format Version 12.00
# Visual Studio 15
VisualStudioVersion = 15.0.26430.14
MinimumVisualStudioVersion = 10.0.40219.1
Project("{FAE04EC0-301F-11D3-BF4B-00C04F79EFBC}") = "PL0_Compiler", "PL0_Compiler\PL0_Compiler.csproj", "{A4E6ED3E-7351-4A7C-95A4-A84FD3889A86}"
EndProject
Project("{FAE04EC0-301F-11D3-BF4B-00C04F79EFBC}") = "Interpret", "Interpret\Interpret.csproj", "{9D408DB4-C445-447F-9E1E-0F6A1D04D4B7}"
EndProject
Project("{FAE04EC0-301F-11D3-BF4B-00C04F79EFBC}") = "Compilerbly", "Compilerbly\Compilerbly.csproj", "{BA25242F-3B95-47AB-8D9B-9CEF44BC6610}"
EndProject
Global
	GlobalSection(SolutionConfigurationPlatforms) = preSolution
		Debug|Any CPU = Debug|Any CPU
		Release|Any CPU = Release|Any CPU
	EndGlobalSection
	GlobalSection(ProjectConfigurationPlatforms) = postSolution
		{A4E6ED3E-7351-4A7C-95A4-A84FD3889A86}.Debug|Any CPU.ActiveCfg = Debug|Any CPU
		{A4E6ED3E-7351-4A7C-95A4-A84FD3889A86}.Debug|Any CPU.Build.0 = Debug|Any CPU
		{A4E6ED3E-7351-4A7C-95A4-A84FD3889A86}.Release|Any CPU.ActiveCfg = Release|Any CPU
		{A4E6ED3E-7351-4A7C-95A4-A84FD3889A86}.Release|Any CPU.Build.0 = Release|Any CPU
		{9D408DB4-C445-447F-9E1E-0F6A1D04D4B7}.Debug|Any CPU.ActiveCfg = Debug|Any CPU
		{9D408DB4-C445-447F-9E1E-0F6A1D04D4B7}.Debug|Any CPU.Build.0 = Debug|Any CPU
		{9D408DB4-C445-447F-9E1E-0F6A1D04D4B7}.Release|Any CPU.ActiveCfg = Release|Any CPU
		{9D408DB4-C445-447F-9E1E-0F6A1D04D4B7}.Release|Any CPU.Build.0 = Release|Any CPU
		{BA25242F-3B95-47AB-8D9B-9CEF44BC6610}.Debug|Any CPU.ActiveCfg = Debug|Any CPU
		{BA25242F-3B95-47AB-8D9B-9CEF44BC6610}.Debug|Any CPU.Build.0 = Debug|Any CPU
		{BA25242F-3B95-47AB-8D9B-9CEF44BC6610}.Release|Any CPU.ActiveCfg = Release|Any CPU
		{BA25242F-3B95-47AB-8D9B-9CEF44BC6610}.Release|Any CPU.Build.0 = Release|Any CPU
	EndGlobalSection
	GlobalSection(SolutionProperties) = preSolution
		HideSolutionNode = FALSE
	EndGlobalSection
EndGlobal
